
Microsoft Visual Studio Solution File, Format Version 12.00
# Visual Studio Version 17
VisualStudioVersion = 17.14.36518.9 d17.14
MinimumVisualStudioVersion = 10.0.40219.1
Project("{8BC9CEB8-8B4A-11D0-8D11-00A0C91BC942}") = "Project35_DZ", "Project35_DZ.vcxproj", "{FE74284C-6315-4F1C-91EB-91DEB6B94506}"
EndProject
Global
	GlobalSection(SolutionConfigurationPlatforms) = preSolution
		Debug|x64 = Debug|x64
		Debug|x86 = Debug|x86
		Release|x64 = Release|x64
		Release|x86 = Release|x86
	EndGlobalSection
	GlobalSection(ProjectConfigurationPlatforms) = postSolution
		{FE74284C-6315-4F1C-91EB-91DEB6B94506}.Debug|x64.ActiveCfg = Debug|x64
		{FE74284C-6315-4F1C-91EB-91DEB6B94506}.Debug|x64.Build.0 = Debug|x64
		{FE74284C-6315-4F1C-91EB-91DEB6B94506}.Debug|x86.ActiveCfg = Debug|Win32
		{FE74284C-6315-4F1C-91EB-91DEB6B94506}.Debug|x86.Build.0 = Debug|Win32
		{FE74284C-6315-4F1C-91EB-91DEB6B94506}.Release|x64.ActiveCfg = Release|x64
		{FE74284C-6315-4F1C-91EB-91DEB6B94506}.Release|x64.Build.0 = Release|x64
		{FE74284C-6315-4F1C-91EB-91DEB6B94506}.Release|x86.ActiveCfg = Release|Win32
		{FE74284C-6315-4F1C-91EB-91DEB6B94506}.Release|x86.Build.0 = Release|Win32
	EndGlobalSection
	GlobalSection(SolutionProperties) = preSolution
		HideSolutionNode = FALSE
	EndGlobalSection
	GlobalSection(ExtensibilityGlobals) = postSolution
		SolutionGuid = {0DFE8E00-678E-4351-8A6B-618B488B1A5B}
	EndGlobalSection
EndGlobal
