
Microsoft Visual Studio Solution File, Format Version 12.00
# Visual Studio Version 17
VisualStudioVersion = 17.14.36518.9 d17.14
MinimumVisualStudioVersion = 10.0.40219.1
Project("{8BC9CEB8-8B4A-11D0-8D11-00A0C91BC942}") = "Project24_DZ", "Project24_DZ.vcxproj", "{C9F41F29-328C-453C-9D84-F1F35A0B013E}"
EndProject
Global
	GlobalSection(SolutionConfigurationPlatforms) = preSolution
		Debug|x64 = Debug|x64
		Debug|x86 = Debug|x86
		Release|x64 = Release|x64
		Release|x86 = Release|x86
	EndGlobalSection
	GlobalSection(ProjectConfigurationPlatforms) = postSolution
		{C9F41F29-328C-453C-9D84-F1F35A0B013E}.Debug|x64.ActiveCfg = Debug|x64
		{C9F41F29-328C-453C-9D84-F1F35A0B013E}.Debug|x64.Build.0 = Debug|x64
		{C9F41F29-328C-453C-9D84-F1F35A0B013E}.Debug|x86.ActiveCfg = Debug|Win32
		{C9F41F29-328C-453C-9D84-F1F35A0B013E}.Debug|x86.Build.0 = Debug|Win32
		{C9F41F29-328C-453C-9D84-F1F35A0B013E}.Release|x64.ActiveCfg = Release|x64
		{C9F41F29-328C-453C-9D84-F1F35A0B013E}.Release|x64.Build.0 = Release|x64
		{C9F41F29-328C-453C-9D84-F1F35A0B013E}.Release|x86.ActiveCfg = Release|Win32
		{C9F41F29-328C-453C-9D84-F1F35A0B013E}.Release|x86.Build.0 = Release|Win32
	EndGlobalSection
	GlobalSection(SolutionProperties) = preSolution
		HideSolutionNode = FALSE
	EndGlobalSection
	GlobalSection(ExtensibilityGlobals) = postSolution
		SolutionGuid = {206139EF-5DA4-4E20-9DC5-C879C1156FA1}
	EndGlobalSection
EndGlobal
