
Microsoft Visual Studio Solution File, Format Version 12.00
# Visual Studio Version 17
VisualStudioVersion = 17.14.36518.9 d17.14
MinimumVisualStudioVersion = 10.0.40219.1
Project("{8BC9CEB8-8B4A-11D0-8D11-00A0C91BC942}") = "Project13", "Project13.vcxproj", "{FA3992F9-7CA9-4A2F-B7BC-943C70CCBC22}"
EndProject
Global
	GlobalSection(SolutionConfigurationPlatforms) = preSolution
		Debug|x64 = Debug|x64
		Debug|x86 = Debug|x86
		Release|x64 = Release|x64
		Release|x86 = Release|x86
	EndGlobalSection
	GlobalSection(ProjectConfigurationPlatforms) = postSolution
		{FA3992F9-7CA9-4A2F-B7BC-943C70CCBC22}.Debug|x64.ActiveCfg = Debug|x64
		{FA3992F9-7CA9-4A2F-B7BC-943C70CCBC22}.Debug|x64.Build.0 = Debug|x64
		{FA3992F9-7CA9-4A2F-B7BC-943C70CCBC22}.Debug|x86.ActiveCfg = Debug|Win32
		{FA3992F9-7CA9-4A2F-B7BC-943C70CCBC22}.Debug|x86.Build.0 = Debug|Win32
		{FA3992F9-7CA9-4A2F-B7BC-943C70CCBC22}.Release|x64.ActiveCfg = Release|x64
		{FA3992F9-7CA9-4A2F-B7BC-943C70CCBC22}.Release|x64.Build.0 = Release|x64
		{FA3992F9-7CA9-4A2F-B7BC-943C70CCBC22}.Release|x86.ActiveCfg = Release|Win32
		{FA3992F9-7CA9-4A2F-B7BC-943C70CCBC22}.Release|x86.Build.0 = Release|Win32
	EndGlobalSection
	GlobalSection(SolutionProperties) = preSolution
		HideSolutionNode = FALSE
	EndGlobalSection
	GlobalSection(ExtensibilityGlobals) = postSolution
		SolutionGuid = {D44CE28F-1969-4C77-AF27-B238DD2337C0}
	EndGlobalSection
EndGlobal
